
Microsoft Visual Studio Solution File, Format Version 12.00
# Visual Studio Version 17
VisualStudioVersion = 17.11.35327.3
MinimumVisualStudioVersion = 10.0.40219.1
Project("{FAE04EC0-301F-11D3-BF4B-00C04F79EFBC}") = "SportsExerciseBattle", "SportsExerciseBattle\SportsExerciseBattle.csproj", "{0496CEF9-AF6F-4E3F-8639-5E3ACC321F4F}"
EndProject
Project("{FAE04EC0-301F-11D3-BF4B-00C04F79EFBC}") = "SportsExerciseBattle.Tests", "SportsExerciseBattle.Tests\SportsExerciseBattle.Tests.csproj", "{CE422881-1A5E-4D20-87E7-A59DC329701C}"
EndProject
Global
	GlobalSection(SolutionConfigurationPlatforms) = preSolution
		Debug|Any CPU = Debug|Any CPU
		Release|Any CPU = Release|Any CPU
	EndGlobalSection
	GlobalSection(ProjectConfigurationPlatforms) = postSolution
		{0496CEF9-AF6F-4E3F-8639-5E3ACC321F4F}.Debug|Any CPU.ActiveCfg = Debug|Any CPU
		{0496CEF9-AF6F-4E3F-8639-5E3ACC321F4F}.Debug|Any CPU.Build.0 = Debug|Any CPU
		{0496CEF9-AF6F-4E3F-8639-5E3ACC321F4F}.Release|Any CPU.ActiveCfg = Release|Any CPU
		{0496CEF9-AF6F-4E3F-8639-5E3ACC321F4F}.Release|Any CPU.Build.0 = Release|Any CPU
		{CE422881-1A5E-4D20-87E7-A59DC329701C}.Debug|Any CPU.ActiveCfg = Debug|Any CPU
		{CE422881-1A5E-4D20-87E7-A59DC329701C}.Debug|Any CPU.Build.0 = Debug|Any CPU
		{CE422881-1A5E-4D20-87E7-A59DC329701C}.Release|Any CPU.ActiveCfg = Release|Any CPU
		{CE422881-1A5E-4D20-87E7-A59DC329701C}.Release|Any CPU.Build.0 = Release|Any CPU
	EndGlobalSection
	GlobalSection(SolutionProperties) = preSolution
		HideSolutionNode = FALSE
	EndGlobalSection
	GlobalSection(ExtensibilityGlobals) = postSolution
		SolutionGuid = {1EAEC2A9-BC68-4A49-A911-FDF516938A64}
	EndGlobalSection
EndGlobal
